{
  "name": "IR_Project",
  "lockfileVersion": 2,
  "requires": true,
  "packages": {
    "": {
      "dependencies": {
        "bootpag": "^1.0.7"
      }
    },
    "node_modules/bootpag": {
      "version": "1.0.7",
      "resolved": "https://registry.npmjs.org/bootpag/-/bootpag-1.0.7.tgz",
      "integrity": "sha512-DcIHZHw/lLxguIM79rAmdNca6SMo//mWSHY1gjCRlyjqxYY31fxfxbL8pPa1Ddc/HY7Y/FSupC41fsuf9SXd/A==",
      "dependencies": {
        "jquery": ">=1.6"
      }
    },
    "node_modules/jquery": {
      "version": "3.7.0",
      "resolved": "https://registry.npmjs.org/jquery/-/jquery-3.7.0.tgz",
      "integrity": "sha512-umpJ0/k8X0MvD1ds0P9SfowREz2LenHsQaxSohMZ5OMNEU2r0tf8pdeEFTHMFxWVxKNyU9rTtK3CWzUCTKJUeQ=="
    }
  },
  "dependencies": {
    "bootpag": {
      "version": "1.0.7",
      "resolved": "https://registry.npmjs.org/bootpag/-/bootpag-1.0.7.tgz",
      "integrity": "sha512-DcIHZHw/lLxguIM79rAmdNca6SMo//mWSHY1gjCRlyjqxYY31fxfxbL8pPa1Ddc/HY7Y/FSupC41fsuf9SXd/A==",
      "requires": {
        "jquery": ">=1.6"
      }
    },
    "jquery": {
      "version": "3.7.0",
      "resolved": "https://registry.npmjs.org/jquery/-/jquery-3.7.0.tgz",
      "integrity": "sha512-umpJ0/k8X0MvD1ds0P9SfowREz2LenHsQaxSohMZ5OMNEU2r0tf8pdeEFTHMFxWVxKNyU9rTtK3CWzUCTKJUeQ=="
    }
  }
}
